
Microsoft Visual Studio Solution File, Format Version 12.00
# Visual Studio Version 16
VisualStudioVersion = 16.0.30204.135
MinimumVisualStudioVersion = 10.0.40219.1
Project("{9A19103F-16F7-4668-BE54-9A1E7A4F7556}") = "DataManager", "DataManager\DataManager.csproj", "{955EA36A-CE51-4736-B3BC-B23E49951D9F}"
EndProject
Project("{FAE04EC0-301F-11D3-BF4B-00C04F79EFBC}") = "Console", "Console\Console.csproj", "{C218B2D7-B742-4C15-8A40-69BC28057D94}"
EndProject
Global
	GlobalSection(SolutionConfigurationPlatforms) = preSolution
		Debug|Any CPU = Debug|Any CPU
		Release|Any CPU = Release|Any CPU
	EndGlobalSection
	GlobalSection(ProjectConfigurationPlatforms) = postSolution
		{955EA36A-CE51-4736-B3BC-B23E49951D9F}.Debug|Any CPU.ActiveCfg = Debug|Any CPU
		{955EA36A-CE51-4736-B3BC-B23E49951D9F}.Debug|Any CPU.Build.0 = Debug|Any CPU
		{955EA36A-CE51-4736-B3BC-B23E49951D9F}.Release|Any CPU.ActiveCfg = Release|Any CPU
		{955EA36A-CE51-4736-B3BC-B23E49951D9F}.Release|Any CPU.Build.0 = Release|Any CPU
		{C218B2D7-B742-4C15-8A40-69BC28057D94}.Debug|Any CPU.ActiveCfg = Debug|Any CPU
		{C218B2D7-B742-4C15-8A40-69BC28057D94}.Debug|Any CPU.Build.0 = Debug|Any CPU
		{C218B2D7-B742-4C15-8A40-69BC28057D94}.Release|Any CPU.ActiveCfg = Release|Any CPU
		{C218B2D7-B742-4C15-8A40-69BC28057D94}.Release|Any CPU.Build.0 = Release|Any CPU
	EndGlobalSection
	GlobalSection(SolutionProperties) = preSolution
		HideSolutionNode = FALSE
	EndGlobalSection
	GlobalSection(ExtensibilityGlobals) = postSolution
		SolutionGuid = {F8D051B8-3404-4913-8FCA-D9B59CDD79D4}
	EndGlobalSection
EndGlobal
